// !$*UTF8*$!
{
	archiveVersion = 1;
	classes = {
	};
	objectVersion = 46;
	objects = {

/* Begin PBXBuildFile section */
		C7B754B119A3887100D532C1 /* Foundation.framework in Frameworks */ = {isa = PBXBuildFile; fileRef = C7B754B019A3887100D532C1 /* Foundation.framework */; };
		C7B754B319A3887100D532C1 /* CoreGraphics.framework in Frameworks */ = {isa = PBXBuildFile; fileRef = C7B754B219A3887100D532C1 /* CoreGraphics.framework */; };
		C7B754B519A3887100D532C1 /* UIKit.framework in Frameworks */ = {isa = PBXBuildFile; fileRef = C7B754B419A3887100D532C1 /* UIKit.framework */; };
		C7B754BB19A3887100D532C1 /* InfoPlist.strings in Resources */ = {isa = PBXBuildFile; fileRef = C7B754B919A3887100D532C1 /* InfoPlist.strings */; };
		C7B754BD19A3887100D532C1 /* main.m in Sources */ = {isa = PBXBuildFile; fileRef = C7B754BC19A3887100D532C1 /* main.m */; };
		C7B754C119A3887100D532C1 /* WGAppDelegate.m in Sources */ = {isa = PBXBuildFile; fileRef = C7B754C019A3887100D532C1 /* WGAppDelegate.m */; };
		C7B754C419A3887100D532C1 /* Main.storyboard in Resources */ = {isa = PBXBuildFile; fileRef = C7B754C219A3887100D532C1 /* Main.storyboard */; };
		C7B754C719A3887100D532C1 /* WGVideoListViewController.m in Sources */ = {isa = PBXBuildFile; fileRef = C7B754C619A3887100D532C1 /* WGVideoListViewController.m */; };
		C7B754CA19A3887100D532C1 /* WGVideoDetailViewController.m in Sources */ = {isa = PBXBuildFile; fileRef = C7B754C919A3887100D532C1 /* WGVideoDetailViewController.m */; };
		C7B754CC19A3887100D532C1 /* Images.xcassets in Resources */ = {isa = PBXBuildFile; fileRef = C7B754CB19A3887100D532C1 /* Images.xcassets */; };
		C7B754D319A3887100D532C1 /* XCTest.framework in Frameworks */ = {isa = PBXBuildFile; fileRef = C7B754D219A3887100D532C1 /* XCTest.framework */; };
		C7B754D419A3887100D532C1 /* Foundation.framework in Frameworks */ = {isa = PBXBuildFile; fileRef = C7B754B019A3887100D532C1 /* Foundation.framework */; };
		C7B754D519A3887100D532C1 /* UIKit.framework in Frameworks */ = {isa = PBXBuildFile; fileRef = C7B754B419A3887100D532C1 /* UIKit.framework */; };
		C7B754DD19A3887100D532C1 /* InfoPlist.strings in Resources */ = {isa = PBXBuildFile; fileRef = C7B754DB19A3887100D532C1 /* InfoPlist.strings */; };
		C7B754DF19A3887100D532C1 /* WiggleTests.m in Sources */ = {isa = PBXBuildFile; fileRef = C7B754DE19A3887100D532C1 /* WiggleTests.m */; };
		C7B754E919A3946600D532C1 /* Parse.framework in Frameworks */ = {isa = PBXBuildFile; fileRef = C7B754E819A3946600D532C1 /* Parse.framework */; };
		C7B754EB19A3994500D532C1 /* AudioToolbox.framework in Frameworks */ = {isa = PBXBuildFile; fileRef = C7B754EA19A3994500D532C1 /* AudioToolbox.framework */; };
		C7B754ED19A3994B00D532C1 /* CFNetwork.framework in Frameworks */ = {isa = PBXBuildFile; fileRef = C7B754EC19A3994B00D532C1 /* CFNetwork.framework */; };
		C7B754EF19A3995300D532C1 /* CoreLocation.framework in Frameworks */ = {isa = PBXBuildFile; fileRef = C7B754EE19A3995300D532C1 /* CoreLocation.framework */; };
		C7B754F119A3995C00D532C1 /* libz.dylib in Frameworks */ = {isa = PBXBuildFile; fileRef = C7B754F019A3995C00D532C1 /* libz.dylib */; };
		C7B754F319A3996300D532C1 /* MobileCoreServices.framework in Frameworks */ = {isa = PBXBuildFile; fileRef = C7B754F219A3996300D532C1 /* MobileCoreServices.framework */; };
		C7B754F519A3996A00D532C1 /* QuartzCore.framework in Frameworks */ = {isa = PBXBuildFile; fileRef = C7B754F419A3996A00D532C1 /* QuartzCore.framework */; };
		C7B754F719A3997100D532C1 /* Security.framework in Frameworks */ = {isa = PBXBuildFile; fileRef = C7B754F619A3997100D532C1 /* Security.framework */; };
		C7B754F919A3997A00D532C1 /* StoreKit.framework in Frameworks */ = {isa = PBXBuildFile; fileRef = C7B754F819A3997A00D532C1 /* StoreKit.framework */; };
		C7B754FB19A3998500D532C1 /* SystemConfiguration.framework in Frameworks */ = {isa = PBXBuildFile; fileRef = C7B754FA19A3998500D532C1 /* SystemConfiguration.framework */; };
		C7B754FF19A39A4F00D532C1 /* WGVideo.m in Sources */ = {isa = PBXBuildFile; fileRef = C7B754FE19A39A4F00D532C1 /* WGVideo.m */; };
		C7E0D51319A3BA7700CB32C4 /* Social.framework in Frameworks */ = {isa = PBXBuildFile; fileRef = C7E0D51219A3BA7700CB32C4 /* Social.framework */; };
		C7E0D51519A3BA7C00CB32C4 /* Accounts.framework in Frameworks */ = {isa = PBXBuildFile; fileRef = C7E0D51419A3BA7C00CB32C4 /* Accounts.framework */; };
		C7E0D51B19A3BEF900CB32C4 /* libPods-Wiggle.a in Frameworks */ = {isa = PBXBuildFile; fileRef = C7E0D51A19A3BEF900CB32C4 /* libPods-Wiggle.a */; };
		C7E0D51D19A3C18A00CB32C4 /* MediaPlayer.framework in Frameworks */ = {isa = PBXBuildFile; fileRef = C7E0D51C19A3C18A00CB32C4 /* MediaPlayer.framework */; };
		C7E0D52219A3D7E500CB32C4 /* WGModelHelpers.m in Sources */ = {isa = PBXBuildFile; fileRef = C7E0D52119A3D7E500CB32C4 /* WGModelHelpers.m */; };
/* End PBXBuildFile section */

/* Begin PBXContainerItemProxy section */
		C7B754D619A3887100D532C1 /* PBXContainerItemProxy */ = {
			isa = PBXContainerItemProxy;
			containerPortal = C7B754A519A3887100D532C1 /* Project object */;
			proxyType = 1;
			remoteGlobalIDString = C7B754AC19A3887100D532C1;
			remoteInfo = Wiggle;
		};
/* End PBXContainerItemProxy section */

/* Begin PBXFileReference section */
		1C6D4FF1E63B48BA90C405F8 /* libPods-Wiggle.a */ = {isa = PBXFileReference; explicitFileType = archive.ar; includeInIndex = 0; path = "libPods-Wiggle.a"; sourceTree = BUILT_PRODUCTS_DIR; };
		C7B754AD19A3887100D532C1 /* Wiggle.app */ = {isa = PBXFileReference; explicitFileType = wrapper.application; includeInIndex = 0; path = Wiggle.app; sourceTree = BUILT_PRODUCTS_DIR; };
		C7B754B019A3887100D532C1 /* Foundation.framework */ = {isa = PBXFileReference; lastKnownFileType = wrapper.framework; name = Foundation.framework; path = System/Library/Frameworks/Foundation.framework; sourceTree = SDKROOT; };
		C7B754B219A3887100D532C1 /* CoreGraphics.framework */ = {isa = PBXFileReference; lastKnownFileType = wrapper.framework; name = CoreGraphics.framework; path = System/Library/Frameworks/CoreGraphics.framework; sourceTree = SDKROOT; };
		C7B754B419A3887100D532C1 /* UIKit.framework */ = {isa = PBXFileReference; lastKnownFileType = wrapper.framework; name = UIKit.framework; path = System/Library/Frameworks/UIKit.framework; sourceTree = SDKROOT; };
		C7B754B819A3887100D532C1 /* Wiggle-Info.plist */ = {isa = PBXFileReference; lastKnownFileType = text.plist.xml; path = "Wiggle-Info.plist"; sourceTree = "<group>"; };
		C7B754BA19A3887100D532C1 /* en */ = {isa = PBXFileReference; lastKnownFileType = text.plist.strings; name = en; path = en.lproj/InfoPlist.strings; sourceTree = "<group>"; };
		C7B754BC19A3887100D532C1 /* main.m */ = {isa = PBXFileReference; lastKnownFileType = sourcecode.c.objc; path = main.m; sourceTree = "<group>"; };
		C7B754BE19A3887100D532C1 /* Wiggle-Prefix.pch */ = {isa = PBXFileReference; lastKnownFileType = sourcecode.c.h; path = "Wiggle-Prefix.pch"; sourceTree = "<group>"; };
		C7B754BF19A3887100D532C1 /* WGAppDelegate.h */ = {isa = PBXFileReference; lastKnownFileType = sourcecode.c.h; path = WGAppDelegate.h; sourceTree = "<group>"; };
		C7B754C019A3887100D532C1 /* WGAppDelegate.m */ = {isa = PBXFileReference; lastKnownFileType = sourcecode.c.objc; path = WGAppDelegate.m; sourceTree = "<group>"; };
		C7B754C319A3887100D532C1 /* Base */ = {isa = PBXFileReference; lastKnownFileType = file.storyboard; name = Base; path = Base.lproj/Main.storyboard; sourceTree = "<group>"; };
		C7B754C519A3887100D532C1 /* WGVideoListViewController.h */ = {isa = PBXFileReference; lastKnownFileType = sourcecode.c.h; path = WGVideoListViewController.h; sourceTree = "<group>"; };
		C7B754C619A3887100D532C1 /* WGVideoListViewController.m */ = {isa = PBXFileReference; lastKnownFileType = sourcecode.c.objc; path = WGVideoListViewController.m; sourceTree = "<group>"; };
		C7B754C819A3887100D532C1 /* WGVideoDetailViewController.h */ = {isa = PBXFileReference; lastKnownFileType = sourcecode.c.h; path = WGVideoDetailViewController.h; sourceTree = "<group>"; };
		C7B754C919A3887100D532C1 /* WGVideoDetailViewController.m */ = {isa = PBXFileReference; lastKnownFileType = sourcecode.c.objc; path = WGVideoDetailViewController.m; sourceTree = "<group>"; };
		C7B754CB19A3887100D532C1 /* Images.xcassets */ = {isa = PBXFileReference; lastKnownFileType = folder.assetcatalog; path = Images.xcassets; sourceTree = "<group>"; };
		C7B754D119A3887100D532C1 /* WiggleTests.xctest */ = {isa = PBXFileReference; explicitFileType = wrapper.cfbundle; includeInIndex = 0; path = WiggleTests.xctest; sourceTree = BUILT_PRODUCTS_DIR; };
		C7B754D219A3887100D532C1 /* XCTest.framework */ = {isa = PBXFileReference; lastKnownFileType = wrapper.framework; name = XCTest.framework; path = Library/Frameworks/XCTest.framework; sourceTree = DEVELOPER_DIR; };
		C7B754DA19A3887100D532C1 /* WiggleTests-Info.plist */ = {isa = PBXFileReference; lastKnownFileType = text.plist.xml; path = "WiggleTests-Info.plist"; sourceTree = "<group>"; };
		C7B754DC19A3887100D532C1 /* en */ = {isa = PBXFileReference; lastKnownFileType = text.plist.strings; name = en; path = en.lproj/InfoPlist.strings; sourceTree = "<group>"; };
		C7B754DE19A3887100D532C1 /* WiggleTests.m */ = {isa = PBXFileReference; lastKnownFileType = sourcecode.c.objc; path = WiggleTests.m; sourceTree = "<group>"; };
		C7B754E819A3946600D532C1 /* Parse.framework */ = {isa = PBXFileReference; lastKnownFileType = wrapper.framework; path = Parse.framework; sourceTree = "<group>"; };
		C7B754EA19A3994500D532C1 /* AudioToolbox.framework */ = {isa = PBXFileReference; lastKnownFileType = wrapper.framework; name = AudioToolbox.framework; path = System/Library/Frameworks/AudioToolbox.framework; sourceTree = SDKROOT; };
		C7B754EC19A3994B00D532C1 /* CFNetwork.framework */ = {isa = PBXFileReference; lastKnownFileType = wrapper.framework; name = CFNetwork.framework; path = System/Library/Frameworks/CFNetwork.framework; sourceTree = SDKROOT; };
		C7B754EE19A3995300D532C1 /* CoreLocation.framework */ = {isa = PBXFileReference; lastKnownFileType = wrapper.framework; name = CoreLocation.framework; path = System/Library/Frameworks/CoreLocation.framework; sourceTree = SDKROOT; };
		C7B754F019A3995C00D532C1 /* libz.dylib */ = {isa = PBXFileReference; lastKnownFileType = "compiled.mach-o.dylib"; name = libz.dylib; path = usr/lib/libz.dylib; sourceTree = SDKROOT; };
		C7B754F219A3996300D532C1 /* MobileCoreServices.framework */ = {isa = PBXFileReference; lastKnownFileType = wrapper.framework; name = MobileCoreServices.framework; path = System/Library/Frameworks/MobileCoreServices.framework; sourceTree = SDKROOT; };
		C7B754F419A3996A00D532C1 /* QuartzCore.framework */ = {isa = PBXFileReference; lastKnownFileType = wrapper.framework; name = QuartzCore.framework; path = System/Library/Frameworks/QuartzCore.framework; sourceTree = SDKROOT; };
		C7B754F619A3997100D532C1 /* Security.framework */ = {isa = PBXFileReference; lastKnownFileType = wrapper.framework; name = Security.framework; path = System/Library/Frameworks/Security.framework; sourceTree = SDKROOT; };
		C7B754F819A3997A00D532C1 /* StoreKit.framework */ = {isa = PBXFileReference; lastKnownFileType = wrapper.framework; name = StoreKit.framework; path = System/Library/Frameworks/StoreKit.framework; sourceTree = SDKROOT; };
		C7B754FA19A3998500D532C1 /* SystemConfiguration.framework */ = {isa = PBXFileReference; lastKnownFileType = wrapper.framework; name = SystemConfiguration.framework; path = System/Library/Frameworks/SystemConfiguration.framework; sourceTree = SDKROOT; };
		C7B754FD19A39A4F00D532C1 /* WGVideo.h */ = {isa = PBXFileReference; fileEncoding = 4; lastKnownFileType = sourcecode.c.h; path = WGVideo.h; sourceTree = "<group>"; };
		C7B754FE19A39A4F00D532C1 /* WGVideo.m */ = {isa = PBXFileReference; fileEncoding = 4; lastKnownFileType = sourcecode.c.objc; path = WGVideo.m; sourceTree = "<group>"; };
		C7E0D51019A3BA6000CB32C4 /* AddressBook.framework */ = {isa = PBXFileReference; lastKnownFileType = wrapper.framework; name = AddressBook.framework; path = System/Library/Frameworks/AddressBook.framework; sourceTree = SDKROOT; };
		C7E0D51219A3BA7700CB32C4 /* Social.framework */ = {isa = PBXFileReference; lastKnownFileType = wrapper.framework; name = Social.framework; path = System/Library/Frameworks/Social.framework; sourceTree = SDKROOT; };
		C7E0D51419A3BA7C00CB32C4 /* Accounts.framework */ = {isa = PBXFileReference; lastKnownFileType = wrapper.framework; name = Accounts.framework; path = System/Library/Frameworks/Accounts.framework; sourceTree = SDKROOT; };
		C7E0D51619A3BBF700CB32C4 /* libPods-Wiggle-AFNetworking.a */ = {isa = PBXFileReference; lastKnownFileType = archive.ar; name = "libPods-Wiggle-AFNetworking.a"; path = "Pods/build/Debug-iphoneos/libPods-Wiggle-AFNetworking.a"; sourceTree = "<group>"; };
		C7E0D51719A3BBF700CB32C4 /* libPods-Wiggle.a */ = {isa = PBXFileReference; lastKnownFileType = archive.ar; name = "libPods-Wiggle.a"; path = "Pods/build/Debug-iphoneos/libPods-Wiggle.a"; sourceTree = "<group>"; };
		C7E0D51A19A3BEF900CB32C4 /* libPods-Wiggle.a */ = {isa = PBXFileReference; lastKnownFileType = archive.ar; name = "libPods-Wiggle.a"; path = "Pods/build/Debug-iphoneos/libPods-Wiggle.a"; sourceTree = "<group>"; };
		C7E0D51C19A3C18A00CB32C4 /* MediaPlayer.framework */ = {isa = PBXFileReference; lastKnownFileType = wrapper.framework; name = MediaPlayer.framework; path = System/Library/Frameworks/MediaPlayer.framework; sourceTree = SDKROOT; };
		C7E0D52019A3D7E500CB32C4 /* WGModelHelpers.h */ = {isa = PBXFileReference; fileEncoding = 4; lastKnownFileType = sourcecode.c.h; path = WGModelHelpers.h; sourceTree = "<group>"; };
		C7E0D52119A3D7E500CB32C4 /* WGModelHelpers.m */ = {isa = PBXFileReference; fileEncoding = 4; lastKnownFileType = sourcecode.c.objc; path = WGModelHelpers.m; sourceTree = "<group>"; };
		FE7C3A78286747EE8F488038 /* Pods-Wiggle.xcconfig */ = {isa = PBXFileReference; includeInIndex = 1; lastKnownFileType = text.xcconfig; name = "Pods-Wiggle.xcconfig"; path = "Pods/Pods-Wiggle.xcconfig"; sourceTree = "<group>"; };
/* End PBXFileReference section */

/* Begin PBXFrameworksBuildPhase section */
		C7B754AA19A3887100D532C1 /* Frameworks */ = {
			isa = PBXFrameworksBuildPhase;
			buildActionMask = 2147483647;
			files = (
				C7E0D51D19A3C18A00CB32C4 /* MediaPlayer.framework in Frameworks */,
				C7E0D51B19A3BEF900CB32C4 /* libPods-Wiggle.a in Frameworks */,
				C7E0D51519A3BA7C00CB32C4 /* Accounts.framework in Frameworks */,
				C7E0D51319A3BA7700CB32C4 /* Social.framework in Frameworks */,
				C7B754FB19A3998500D532C1 /* SystemConfiguration.framework in Frameworks */,
				C7B754F919A3997A00D532C1 /* StoreKit.framework in Frameworks */,
				C7B754F719A3997100D532C1 /* Security.framework in Frameworks */,
				C7B754F519A3996A00D532C1 /* QuartzCore.framework in Frameworks */,
				C7B754F319A3996300D532C1 /* MobileCoreServices.framework in Frameworks */,
				C7B754F119A3995C00D532C1 /* libz.dylib in Frameworks */,
				C7B754EF19A3995300D532C1 /* CoreLocation.framework in Frameworks */,
				C7B754ED19A3994B00D532C1 /* CFNetwork.framework in Frameworks */,
				C7B754EB19A3994500D532C1 /* AudioToolbox.framework in Frameworks */,
				C7B754B319A3887100D532C1 /* CoreGraphics.framework in Frameworks */,
				C7B754B519A3887100D532C1 /* UIKit.framework in Frameworks */,
				C7B754E919A3946600D532C1 /* Parse.framework in Frameworks */,
				C7B754B119A3887100D532C1 /* Foundation.framework in Frameworks */,
			);
			runOnlyForDeploymentPostprocessing = 0;
		};
		C7B754CE19A3887100D532C1 /* Frameworks */ = {
			isa = PBXFrameworksBuildPhase;
			buildActionMask = 2147483647;
			files = (
				C7B754D319A3887100D532C1 /* XCTest.framework in Frameworks */,
				C7B754D519A3887100D532C1 /* UIKit.framework in Frameworks */,
				C7B754D419A3887100D532C1 /* Foundation.framework in Frameworks */,
			);
			runOnlyForDeploymentPostprocessing = 0;
		};
/* End PBXFrameworksBuildPhase section */

/* Begin PBXGroup section */
		C7B754A419A3887100D532C1 = {
			isa = PBXGroup;
			children = (
				C7B754B619A3887100D532C1 /* Wiggle */,
				C7B754D819A3887100D532C1 /* WiggleTests */,
				C7B754AF19A3887100D532C1 /* Frameworks */,
				C7B754AE19A3887100D532C1 /* Products */,
				FE7C3A78286747EE8F488038 /* Pods-Wiggle.xcconfig */,
			);
			sourceTree = "<group>";
		};
		C7B754AE19A3887100D532C1 /* Products */ = {
			isa = PBXGroup;
			children = (
				C7B754AD19A3887100D532C1 /* Wiggle.app */,
				C7B754D119A3887100D532C1 /* WiggleTests.xctest */,
			);
			name = Products;
			sourceTree = "<group>";
		};
		C7B754AF19A3887100D532C1 /* Frameworks */ = {
			isa = PBXGroup;
			children = (
				C7E0D51C19A3C18A00CB32C4 /* MediaPlayer.framework */,
				C7E0D51A19A3BEF900CB32C4 /* libPods-Wiggle.a */,
				C7E0D51619A3BBF700CB32C4 /* libPods-Wiggle-AFNetworking.a */,
				C7E0D51719A3BBF700CB32C4 /* libPods-Wiggle.a */,
				C7E0D51419A3BA7C00CB32C4 /* Accounts.framework */,
				C7E0D51219A3BA7700CB32C4 /* Social.framework */,
				C7E0D51019A3BA6000CB32C4 /* AddressBook.framework */,
				C7B754FA19A3998500D532C1 /* SystemConfiguration.framework */,
				C7B754F819A3997A00D532C1 /* StoreKit.framework */,
				C7B754F619A3997100D532C1 /* Security.framework */,
				C7B754F419A3996A00D532C1 /* QuartzCore.framework */,
				C7B754F219A3996300D532C1 /* MobileCoreServices.framework */,
				C7B754F019A3995C00D532C1 /* libz.dylib */,
				C7B754EE19A3995300D532C1 /* CoreLocation.framework */,
				C7B754EC19A3994B00D532C1 /* CFNetwork.framework */,
				C7B754EA19A3994500D532C1 /* AudioToolbox.framework */,
				C7B754E819A3946600D532C1 /* Parse.framework */,
				C7B754B019A3887100D532C1 /* Foundation.framework */,
				C7B754B219A3887100D532C1 /* CoreGraphics.framework */,
				C7B754B419A3887100D532C1 /* UIKit.framework */,
				C7B754D219A3887100D532C1 /* XCTest.framework */,
				1C6D4FF1E63B48BA90C405F8 /* libPods-Wiggle.a */,
			);
			name = Frameworks;
			sourceTree = "<group>";
		};
		C7B754B619A3887100D532C1 /* Wiggle */ = {
			isa = PBXGroup;
			children = (
				C7B754FC19A399FF00D532C1 /* Models */,
				C7B754BF19A3887100D532C1 /* WGAppDelegate.h */,
				C7B754C019A3887100D532C1 /* WGAppDelegate.m */,
				C7B754C219A3887100D532C1 /* Main.storyboard */,
				C7B754C519A3887100D532C1 /* WGVideoListViewController.h */,
				C7B754C619A3887100D532C1 /* WGVideoListViewController.m */,
				C7B754C819A3887100D532C1 /* WGVideoDetailViewController.h */,
				C7B754C919A3887100D532C1 /* WGVideoDetailViewController.m */,
				C7B754CB19A3887100D532C1 /* Images.xcassets */,
				C7B754B719A3887100D532C1 /* Supporting Files */,
			);
			path = Wiggle;
			sourceTree = "<group>";
		};
		C7B754B719A3887100D532C1 /* Supporting Files */ = {
			isa = PBXGroup;
			children = (
				C7B754B819A3887100D532C1 /* Wiggle-Info.plist */,
				C7B754B919A3887100D532C1 /* InfoPlist.strings */,
				C7B754BC19A3887100D532C1 /* main.m */,
				C7B754BE19A3887100D532C1 /* Wiggle-Prefix.pch */,
			);
			name = "Supporting Files";
			sourceTree = "<group>";
		};
		C7B754D819A3887100D532C1 /* WiggleTests */ = {
			isa = PBXGroup;
			children = (
				C7B754DE19A3887100D532C1 /* WiggleTests.m */,
				C7B754D919A3887100D532C1 /* Supporting Files */,
			);
			path = WiggleTests;
			sourceTree = "<group>";
		};
		C7B754D919A3887100D532C1 /* Supporting Files */ = {
			isa = PBXGroup;
			children = (
				C7B754DA19A3887100D532C1 /* WiggleTests-Info.plist */,
				C7B754DB19A3887100D532C1 /* InfoPlist.strings */,
			);
			name = "Supporting Files";
			sourceTree = "<group>";
		};
		C7B754FC19A399FF00D532C1 /* Models */ = {
			isa = PBXGroup;
			children = (
				C7B754FD19A39A4F00D532C1 /* WGVideo.h */,
				C7B754FE19A39A4F00D532C1 /* WGVideo.m */,
				C7E0D52019A3D7E500CB32C4 /* WGModelHelpers.h */,
				C7E0D52119A3D7E500CB32C4 /* WGModelHelpers.m */,
			);
			name = Models;
			sourceTree = "<group>";
		};
/* End PBXGroup section */

/* Begin PBXNativeTarget section */
		C7B754AC19A3887100D532C1 /* Wiggle */ = {
			isa = PBXNativeTarget;
			buildConfigurationList = C7B754E219A3887200D532C1 /* Build configuration list for PBXNativeTarget "Wiggle" */;
			buildPhases = (
				20412B75B56B4A38AF1B1265 /* Check Pods Manifest.lock */,
				C7B754A919A3887100D532C1 /* Sources */,
				C7B754AA19A3887100D532C1 /* Frameworks */,
				C7B754AB19A3887100D532C1 /* Resources */,
				F12481D7AAA241C1BF9B8DEF /* Copy Pods Resources */,
			);
			buildRules = (
			);
			dependencies = (
			);
			name = Wiggle;
			productName = Wiggle;
			productReference = C7B754AD19A3887100D532C1 /* Wiggle.app */;
			productType = "com.apple.product-type.application";
		};
		C7B754D019A3887100D532C1 /* WiggleTests */ = {
			isa = PBXNativeTarget;
			buildConfigurationList = C7B754E519A3887200D532C1 /* Build configuration list for PBXNativeTarget "WiggleTests" */;
			buildPhases = (
				C7B754CD19A3887100D532C1 /* Sources */,
				C7B754CE19A3887100D532C1 /* Frameworks */,
				C7B754CF19A3887100D532C1 /* Resources */,
			);
			buildRules = (
			);
			dependencies = (
				C7B754D719A3887100D532C1 /* PBXTargetDependency */,
			);
			name = WiggleTests;
			productName = WiggleTests;
			productReference = C7B754D119A3887100D532C1 /* WiggleTests.xctest */;
			productType = "com.apple.product-type.bundle.unit-test";
		};
/* End PBXNativeTarget section */

/* Begin PBXProject section */
		C7B754A519A3887100D532C1 /* Project object */ = {
			isa = PBXProject;
			attributes = {
				CLASSPREFIX = WG;
				LastUpgradeCheck = 0510;
				TargetAttributes = {
					C7B754D019A3887100D532C1 = {
						TestTargetID = C7B754AC19A3887100D532C1;
					};
				};
			};
			buildConfigurationList = C7B754A819A3887100D532C1 /* Build configuration list for PBXProject "Wiggle" */;
			compatibilityVersion = "Xcode 3.2";
			developmentRegion = English;
			hasScannedForEncodings = 0;
			knownRegions = (
				en,
				Base,
			);
			mainGroup = C7B754A419A3887100D532C1;
			productRefGroup = C7B754AE19A3887100D532C1 /* Products */;
			projectDirPath = "";
			projectRoot = "";
			targets = (
				C7B754AC19A3887100D532C1 /* Wiggle */,
				C7B754D019A3887100D532C1 /* WiggleTests */,
			);
		};
/* End PBXProject section */

/* Begin PBXResourcesBuildPhase section */
		C7B754AB19A3887100D532C1 /* Resources */ = {
			isa = PBXResourcesBuildPhase;
			buildActionMask = 2147483647;
			files = (
				C7B754CC19A3887100D532C1 /* Images.xcassets in Resources */,
				C7B754BB19A3887100D532C1 /* InfoPlist.strings in Resources */,
				C7B754C419A3887100D532C1 /* Main.storyboard in Resources */,
			);
			runOnlyForDeploymentPostprocessing = 0;
		};
		C7B754CF19A3887100D532C1 /* Resources */ = {
			isa = PBXResourcesBuildPhase;
			buildActionMask = 2147483647;
			files = (
				C7B754DD19A3887100D532C1 /* InfoPlist.strings in Resources */,
			);
			runOnlyForDeploymentPostprocessing = 0;
		};
/* End PBXResourcesBuildPhase section */

/* Begin PBXShellScriptBuildPhase section */
		20412B75B56B4A38AF1B1265 /* Check Pods Manifest.lock */ = {
			isa = PBXShellScriptBuildPhase;
			buildActionMask = 2147483647;
			files = (
			);
			inputPaths = (
			);
			name = "Check Pods Manifest.lock";
			outputPaths = (
			);
			runOnlyForDeploymentPostprocessing = 0;
			shellPath = /bin/sh;
			shellScript = "diff \"${PODS_ROOT}/../Podfile.lock\" \"${PODS_ROOT}/Manifest.lock\" > /dev/null\nif [[ $? != 0 ]] ; then\n    cat << EOM\nerror: The sandbox is not in sync with the Podfile.lock. Run 'pod install' or update your CocoaPods installation.\nEOM\n    exit 1\nfi\n";
			showEnvVarsInLog = 0;
		};
		F12481D7AAA241C1BF9B8DEF /* Copy Pods Resources */ = {
			isa = PBXShellScriptBuildPhase;
			buildActionMask = 2147483647;
			files = (
			);
			inputPaths = (
			);
			name = "Copy Pods Resources";
			outputPaths = (
			);
			runOnlyForDeploymentPostprocessing = 0;
			shellPath = /bin/sh;
			shellScript = "\"${SRCROOT}/Pods/Pods-Wiggle-resources.sh\"\n";
			showEnvVarsInLog = 0;
		};
/* End PBXShellScriptBuildPhase section */

/* Begin PBXSourcesBuildPhase section */
		C7B754A919A3887100D532C1 /* Sources */ = {
			isa = PBXSourcesBuildPhase;
			buildActionMask = 2147483647;
			files = (
				C7B754C119A3887100D532C1 /* WGAppDelegate.m in Sources */,
				C7B754BD19A3887100D532C1 /* main.m in Sources */,
				C7B754FF19A39A4F00D532C1 /* WGVideo.m in Sources */,
				C7B754C719A3887100D532C1 /* WGVideoListViewController.m in Sources */,
				C7B754CA19A3887100D532C1 /* WGVideoDetailViewController.m in Sources */,
				C7E0D52219A3D7E500CB32C4 /* WGModelHelpers.m in Sources */,
			);
			runOnlyForDeploymentPostprocessing = 0;
		};
		C7B754CD19A3887100D532C1 /* Sources */ = {
			isa = PBXSourcesBuildPhase;
			buildActionMask = 2147483647;
			files = (
				C7B754DF19A3887100D532C1 /* WiggleTests.m in Sources */,
			);
			runOnlyForDeploymentPostprocessing = 0;
		};
/* End PBXSourcesBuildPhase section */

/* Begin PBXTargetDependency section */
		C7B754D719A3887100D532C1 /* PBXTargetDependency */ = {
			isa = PBXTargetDependency;
			target = C7B754AC19A3887100D532C1 /* Wiggle */;
			targetProxy = C7B754D619A3887100D532C1 /* PBXContainerItemProxy */;
		};
/* End PBXTargetDependency section */

/* Begin PBXVariantGroup section */
		C7B754B919A3887100D532C1 /* InfoPlist.strings */ = {
			isa = PBXVariantGroup;
			children = (
				C7B754BA19A3887100D532C1 /* en */,
			);
			name = InfoPlist.strings;
			sourceTree = "<group>";
		};
		C7B754C219A3887100D532C1 /* Main.storyboard */ = {
			isa = PBXVariantGroup;
			children = (
				C7B754C319A3887100D532C1 /* Base */,
			);
			name = Main.storyboard;
			sourceTree = "<group>";
		};
		C7B754DB19A3887100D532C1 /* InfoPlist.strings */ = {
			isa = PBXVariantGroup;
			children = (
				C7B754DC19A3887100D532C1 /* en */,
			);
			name = InfoPlist.strings;
			sourceTree = "<group>";
		};
/* End PBXVariantGroup section */

/* Begin XCBuildConfiguration section */
		C7B754E019A3887200D532C1 /* Debug */ = {
			isa = XCBuildConfiguration;
			buildSettings = {
				ALWAYS_SEARCH_USER_PATHS = NO;
				CLANG_CXX_LANGUAGE_STANDARD = "gnu++0x";
				CLANG_CXX_LIBRARY = "libc++";
				CLANG_ENABLE_MODULES = YES;
				CLANG_ENABLE_OBJC_ARC = YES;
				CLANG_WARN_BOOL_CONVERSION = YES;
				CLANG_WARN_CONSTANT_CONVERSION = YES;
				CLANG_WARN_DIRECT_OBJC_ISA_USAGE = YES_ERROR;
				CLANG_WARN_EMPTY_BODY = YES;
				CLANG_WARN_ENUM_CONVERSION = YES;
				CLANG_WARN_INT_CONVERSION = YES;
				CLANG_WARN_OBJC_ROOT_CLASS = YES_ERROR;
				CLANG_WARN__DUPLICATE_METHOD_MATCH = YES;
				"CODE_SIGN_IDENTITY[sdk=iphoneos*]" = "iPhone Developer";
				COPY_PHASE_STRIP = NO;
				GCC_C_LANGUAGE_STANDARD = gnu99;
				GCC_DYNAMIC_NO_PIC = NO;
				GCC_OPTIMIZATION_LEVEL = 0;
				GCC_PREPROCESSOR_DEFINITIONS = (
					"DEBUG=1",
					"$(inherited)",
				);
				GCC_SYMBOLS_PRIVATE_EXTERN = NO;
				GCC_WARN_64_TO_32_BIT_CONVERSION = YES;
				GCC_WARN_ABOUT_RETURN_TYPE = YES_ERROR;
				GCC_WARN_UNDECLARED_SELECTOR = YES;
				GCC_WARN_UNINITIALIZED_AUTOS = YES_AGGRESSIVE;
				GCC_WARN_UNUSED_FUNCTION = YES;
				GCC_WARN_UNUSED_VARIABLE = YES;
				IPHONEOS_DEPLOYMENT_TARGET = 7.1;
				ONLY_ACTIVE_ARCH = YES;
				SDKROOT = iphoneos;
			};
			name = Debug;
		};
		C7B754E119A3887200D532C1 /* Release */ = {
			isa = XCBuildConfiguration;
			buildSettings = {
				ALWAYS_SEARCH_USER_PATHS = NO;
				CLANG_CXX_LANGUAGE_STANDARD = "gnu++0x";
				CLANG_CXX_LIBRARY = "libc++";
				CLANG_ENABLE_MODULES = YES;
				CLANG_ENABLE_OBJC_ARC = YES;
				CLANG_WARN_BOOL_CONVERSION = YES;
				CLANG_WARN_CONSTANT_CONVERSION = YES;
				CLANG_WARN_DIRECT_OBJC_ISA_USAGE = YES_ERROR;
				CLANG_WARN_EMPTY_BODY = YES;
				CLANG_WARN_ENUM_CONVERSION = YES;
				CLANG_WARN_INT_CONVERSION = YES;
				CLANG_WARN_OBJC_ROOT_CLASS = YES_ERROR;
				CLANG_WARN__DUPLICATE_METHOD_MATCH = YES;
				"CODE_SIGN_IDENTITY[sdk=iphoneos*]" = "iPhone Developer";
				COPY_PHASE_STRIP = YES;
				ENABLE_NS_ASSERTIONS = NO;
				GCC_C_LANGUAGE_STANDARD = gnu99;
				GCC_WARN_64_TO_32_BIT_CONVERSION = YES;
				GCC_WARN_ABOUT_RETURN_TYPE = YES_ERROR;
				GCC_WARN_UNDECLARED_SELECTOR = YES;
				GCC_WARN_UNINITIALIZED_AUTOS = YES_AGGRESSIVE;
				GCC_WARN_UNUSED_FUNCTION = YES;
				GCC_WARN_UNUSED_VARIABLE = YES;
				IPHONEOS_DEPLOYMENT_TARGET = 7.1;
				SDKROOT = iphoneos;
				VALIDATE_PRODUCT = YES;
			};
			name = Release;
		};
		C7B754E319A3887200D532C1 /* Debug */ = {
			isa = XCBuildConfiguration;
			baseConfigurationReference = FE7C3A78286747EE8F488038 /* Pods-Wiggle.xcconfig */;
			buildSettings = {
				ASSETCATALOG_COMPILER_APPICON_NAME = AppIcon;
				ASSETCATALOG_COMPILER_LAUNCHIMAGE_NAME = LaunchImage;
				FRAMEWORK_SEARCH_PATHS = (
					"$(inherited)",
					"$(PROJECT_DIR)",
				);
				GCC_PRECOMPILE_PREFIX_HEADER = YES;
				GCC_PREFIX_HEADER = "Wiggle/Wiggle-Prefix.pch";
				INFOPLIST_FILE = "Wiggle/Wiggle-Info.plist";
				LIBRARY_SEARCH_PATHS = (
					"$(inherited)",
					"$(PROJECT_DIR)/Pods/build/Debug-iphoneos",
				);
				OTHER_LDFLAGS = (
					"-ObjC",
					"-all_load",
					"-framework",
					CoreGraphics,
					"-framework",
					MobileCoreServices,
					"-framework",
					Security,
					"-framework",
					SystemConfiguration,
				);
				PRODUCT_NAME = "$(TARGET_NAME)";
				WRAPPER_EXTENSION = app;
			};
			name = Debug;
		};
		C7B754E419A3887200D532C1 /* Release */ = {
			isa = XCBuildConfiguration;
			baseConfigurationReference = FE7C3A78286747EE8F488038 /* Pods-Wiggle.xcconfig */;
			buildSettings = {
				ASSETCATALOG_COMPILER_APPICON_NAME = AppIcon;
				ASSETCATALOG_COMPILER_LAUNCHIMAGE_NAME = LaunchImage;
				FRAMEWORK_SEARCH_PATHS = (
					"$(inherited)",
					"$(PROJECT_DIR)",
				);
				GCC_PRECOMPILE_PREFIX_HEADER = YES;
				GCC_PREFIX_HEADER = "Wiggle/Wiggle-Prefix.pch";
				INFOPLIST_FILE = "Wiggle/Wiggle-Info.plist";
				LIBRARY_SEARCH_PATHS = (
					"$(inherited)",
					"$(PROJECT_DIR)/Pods/build/Debug-iphoneos",
				);
				OTHER_LDFLAGS = (
					"-ObjC",
					"-all_load",
					"-framework",
					CoreGraphics,
					"-framework",
					MobileCoreServices,
					"-framework",
					Security,
					"-framework",
					SystemConfiguration,
				);
				PRODUCT_NAME = "$(TARGET_NAME)";
				WRAPPER_EXTENSION = app;
			};
			name = Release;
		};
		C7B754E619A3887200D532C1 /* Debug */ = {
			isa = XCBuildConfiguration;
			buildSettings = {
				BUNDLE_LOADER = "$(BUILT_PRODUCTS_DIR)/Wiggle.app/Wiggle";
				FRAMEWORK_SEARCH_PATHS = (
					"$(SDKROOT)/Developer/Library/Frameworks",
					"$(inherited)",
					"$(DEVELOPER_FRAMEWORKS_DIR)",
				);
				GCC_PRECOMPILE_PREFIX_HEADER = YES;
				GCC_PREFIX_HEADER = "Wiggle/Wiggle-Prefix.pch";
				GCC_PREPROCESSOR_DEFINITIONS = (
					"DEBUG=1",
					"$(inherited)",
				);
				INFOPLIST_FILE = "WiggleTests/WiggleTests-Info.plist";
				PRODUCT_NAME = "$(TARGET_NAME)";
				TEST_HOST = "$(BUNDLE_LOADER)";
				WRAPPER_EXTENSION = xctest;
			};
			name = Debug;
		};
		C7B754E719A3887200D532C1 /* Release */ = {
			isa = XCBuildConfiguration;
			buildSettings = {
				BUNDLE_LOADER = "$(BUILT_PRODUCTS_DIR)/Wiggle.app/Wiggle";
				FRAMEWORK_SEARCH_PATHS = (
					"$(SDKROOT)/Developer/Library/Frameworks",
					"$(inherited)",
					"$(DEVELOPER_FRAMEWORKS_DIR)",
				);
				GCC_PRECOMPILE_PREFIX_HEADER = YES;
				GCC_PREFIX_HEADER = "Wiggle/Wiggle-Prefix.pch";
				INFOPLIST_FILE = "WiggleTests/WiggleTests-Info.plist";
				PRODUCT_NAME = "$(TARGET_NAME)";
				TEST_HOST = "$(BUNDLE_LOADER)";
				WRAPPER_EXTENSION = xctest;
			};
			name = Release;
		};
/* End XCBuildConfiguration section */

/* Begin XCConfigurationList section */
		C7B754A819A3887100D532C1 /* Build configuration list for PBXProject "Wiggle" */ = {
			isa = XCConfigurationList;
			buildConfigurations = (
				C7B754E019A3887200D532C1 /* Debug */,
				C7B754E119A3887200D532C1 /* Release */,
			);
			defaultConfigurationIsVisible = 0;
			defaultConfigurationName = Release;
		};
		C7B754E219A3887200D532C1 /* Build configuration list for PBXNativeTarget "Wiggle" */ = {
			isa = XCConfigurationList;
			buildConfigurations = (
				C7B754E319A3887200D532C1 /* Debug */,
				C7B754E419A3887200D532C1 /* Release */,
			);
			defaultConfigurationIsVisible = 0;
			defaultConfigurationName = Release;
		};
		C7B754E519A3887200D532C1 /* Build configuration list for PBXNativeTarget "WiggleTests" */ = {
			isa = XCConfigurationList;
			buildConfigurations = (
				C7B754E619A3887200D532C1 /* Debug */,
				C7B754E719A3887200D532C1 /* Release */,
			);
			defaultConfigurationIsVisible = 0;
			defaultConfigurationName = Release;
		};
/* End XCConfigurationList section */
	};
	rootObject = C7B754A519A3887100D532C1 /* Project object */;
}
